// !$*UTF8*$!
{
	archiveVersion = 1;
	classes = {
	};
	objectVersion = 46;
	objects = {

/* Begin PBXBuildFile section */
		1C53ED93187EC87C00AF06FB /* Foundation.framework in Frameworks */ = {isa = PBXBuildFile; fileRef = 1C53ED92187EC87C00AF06FB /* Foundation.framework */; };
		1C53ED95187EC87C00AF06FB /* CoreGraphics.framework in Frameworks */ = {isa = PBXBuildFile; fileRef = 1C53ED94187EC87C00AF06FB /* CoreGraphics.framework */; };
		1C53ED97187EC87C00AF06FB /* UIKit.framework in Frameworks */ = {isa = PBXBuildFile; fileRef = 1C53ED96187EC87C00AF06FB /* UIKit.framework */; };
		1C53ED9D187EC87C00AF06FB /* InfoPlist.strings in Resources */ = {isa = PBXBuildFile; fileRef = 1C53ED9B187EC87C00AF06FB /* InfoPlist.strings */; };
		1C53ED9F187EC87C00AF06FB /* main.m in Sources */ = {isa = PBXBuildFile; fileRef = 1C53ED9E187EC87C00AF06FB /* main.m */; };
		1C53EDA3187EC87C00AF06FB /* XYZAppDelegate.m in Sources */ = {isa = PBXBuildFile; fileRef = 1C53EDA2187EC87C00AF06FB /* XYZAppDelegate.m */; };
		1C53EDA6187EC87C00AF06FB /* Main.storyboard in Resources */ = {isa = PBXBuildFile; fileRef = 1C53EDA4187EC87C00AF06FB /* Main.storyboard */; };
		1C53EDA9187EC87C00AF06FB /* XYZMasterViewController.m in Sources */ = {isa = PBXBuildFile; fileRef = 1C53EDA8187EC87C00AF06FB /* XYZMasterViewController.m */; };
		1C53EDAC187EC87C00AF06FB /* XYZDetailViewController.m in Sources */ = {isa = PBXBuildFile; fileRef = 1C53EDAB187EC87C00AF06FB /* XYZDetailViewController.m */; };
		1C53EDAE187EC87C00AF06FB /* Images.xcassets in Resources */ = {isa = PBXBuildFile; fileRef = 1C53EDAD187EC87C00AF06FB /* Images.xcassets */; };
		1C53EDB5187EC87D00AF06FB /* XCTest.framework in Frameworks */ = {isa = PBXBuildFile; fileRef = 1C53EDB4187EC87D00AF06FB /* XCTest.framework */; };
		1C53EDB6187EC87D00AF06FB /* Foundation.framework in Frameworks */ = {isa = PBXBuildFile; fileRef = 1C53ED92187EC87C00AF06FB /* Foundation.framework */; };
		1C53EDB7187EC87D00AF06FB /* UIKit.framework in Frameworks */ = {isa = PBXBuildFile; fileRef = 1C53ED96187EC87C00AF06FB /* UIKit.framework */; };
		1C53EDBF187EC87D00AF06FB /* InfoPlist.strings in Resources */ = {isa = PBXBuildFile; fileRef = 1C53EDBD187EC87D00AF06FB /* InfoPlist.strings */; };
		1C53EDC1187EC87D00AF06FB /* FTL_Survival_GuideTests.m in Sources */ = {isa = PBXBuildFile; fileRef = 1C53EDC0187EC87D00AF06FB /* FTL_Survival_GuideTests.m */; };
/* End PBXBuildFile section */

/* Begin PBXContainerItemProxy section */
		1C53EDB8187EC87D00AF06FB /* PBXContainerItemProxy */ = {
			isa = PBXContainerItemProxy;
			containerPortal = 1C53ED87187EC87C00AF06FB /* Project object */;
			proxyType = 1;
			remoteGlobalIDString = 1C53ED8E187EC87C00AF06FB;
			remoteInfo = "FTL Survival Guide";
		};
/* End PBXContainerItemProxy section */

/* Begin PBXFileReference section */
		1C53ED8F187EC87C00AF06FB /* FTL Survival Guide.app */ = {isa = PBXFileReference; explicitFileType = wrapper.application; includeInIndex = 0; path = "FTL Survival Guide.app"; sourceTree = BUILT_PRODUCTS_DIR; };
		1C53ED92187EC87C00AF06FB /* Foundation.framework */ = {isa = PBXFileReference; lastKnownFileType = wrapper.framework; name = Foundation.framework; path = System/Library/Frameworks/Foundation.framework; sourceTree = SDKROOT; };
		1C53ED94187EC87C00AF06FB /* CoreGraphics.framework */ = {isa = PBXFileReference; lastKnownFileType = wrapper.framework; name = CoreGraphics.framework; path = System/Library/Frameworks/CoreGraphics.framework; sourceTree = SDKROOT; };
		1C53ED96187EC87C00AF06FB /* UIKit.framework */ = {isa = PBXFileReference; lastKnownFileType = wrapper.framework; name = UIKit.framework; path = System/Library/Frameworks/UIKit.framework; sourceTree = SDKROOT; };
		1C53ED9A187EC87C00AF06FB /* FTL Survival Guide-Info.plist */ = {isa = PBXFileReference; lastKnownFileType = text.plist.xml; path = "FTL Survival Guide-Info.plist"; sourceTree = "<group>"; };
		1C53ED9C187EC87C00AF06FB /* en */ = {isa = PBXFileReference; lastKnownFileType = text.plist.strings; name = en; path = en.lproj/InfoPlist.strings; sourceTree = "<group>"; };
		1C53ED9E187EC87C00AF06FB /* main.m */ = {isa = PBXFileReference; lastKnownFileType = sourcecode.c.objc; path = main.m; sourceTree = "<group>"; };
		1C53EDA0187EC87C00AF06FB /* FTL Survival Guide-Prefix.pch */ = {isa = PBXFileReference; lastKnownFileType = sourcecode.c.h; path = "FTL Survival Guide-Prefix.pch"; sourceTree = "<group>"; };
		1C53EDA1187EC87C00AF06FB /* XYZAppDelegate.h */ = {isa = PBXFileReference; lastKnownFileType = sourcecode.c.h; path = XYZAppDelegate.h; sourceTree = "<group>"; };
		1C53EDA2187EC87C00AF06FB /* XYZAppDelegate.m */ = {isa = PBXFileReference; lastKnownFileType = sourcecode.c.objc; path = XYZAppDelegate.m; sourceTree = "<group>"; };
		1C53EDA5187EC87C00AF06FB /* Base */ = {isa = PBXFileReference; lastKnownFileType = file.storyboard; name = Base; path = Base.lproj/Main.storyboard; sourceTree = "<group>"; };
		1C53EDA7187EC87C00AF06FB /* XYZMasterViewController.h */ = {isa = PBXFileReference; lastKnownFileType = sourcecode.c.h; path = XYZMasterViewController.h; sourceTree = "<group>"; };
		1C53EDA8187EC87C00AF06FB /* XYZMasterViewController.m */ = {isa = PBXFileReference; lastKnownFileType = sourcecode.c.objc; path = XYZMasterViewController.m; sourceTree = "<group>"; };
		1C53EDAA187EC87C00AF06FB /* XYZDetailViewController.h */ = {isa = PBXFileReference; lastKnownFileType = sourcecode.c.h; path = XYZDetailViewController.h; sourceTree = "<group>"; };
		1C53EDAB187EC87C00AF06FB /* XYZDetailViewController.m */ = {isa = PBXFileReference; lastKnownFileType = sourcecode.c.objc; path = XYZDetailViewController.m; sourceTree = "<group>"; };
		1C53EDAD187EC87C00AF06FB /* Images.xcassets */ = {isa = PBXFileReference; lastKnownFileType = folder.assetcatalog; path = Images.xcassets; sourceTree = "<group>"; };
		1C53EDB3187EC87D00AF06FB /* FTL Survival GuideTests.xctest */ = {isa = PBXFileReference; explicitFileType = wrapper.cfbundle; includeInIndex = 0; path = "FTL Survival GuideTests.xctest"; sourceTree = BUILT_PRODUCTS_DIR; };
		1C53EDB4187EC87D00AF06FB /* XCTest.framework */ = {isa = PBXFileReference; lastKnownFileType = wrapper.framework; name = XCTest.framework; path = Library/Frameworks/XCTest.framework; sourceTree = DEVELOPER_DIR; };
		1C53EDBC187EC87D00AF06FB /* FTL Survival GuideTests-Info.plist */ = {isa = PBXFileReference; lastKnownFileType = text.plist.xml; path = "FTL Survival GuideTests-Info.plist"; sourceTree = "<group>"; };
		1C53EDBE187EC87D00AF06FB /* en */ = {isa = PBXFileReference; lastKnownFileType = text.plist.strings; name = en; path = en.lproj/InfoPlist.strings; sourceTree = "<group>"; };
		1C53EDC0187EC87D00AF06FB /* FTL_Survival_GuideTests.m */ = {isa = PBXFileReference; lastKnownFileType = sourcecode.c.objc; path = FTL_Survival_GuideTests.m; sourceTree = "<group>"; };
/* End PBXFileReference section */

/* Begin PBXFrameworksBuildPhase section */
		1C53ED8C187EC87C00AF06FB /* Frameworks */ = {
			isa = PBXFrameworksBuildPhase;
			buildActionMask = 2147483647;
			files = (
				1C53ED95187EC87C00AF06FB /* CoreGraphics.framework in Frameworks */,
				1C53ED97187EC87C00AF06FB /* UIKit.framework in Frameworks */,
				1C53ED93187EC87C00AF06FB /* Foundation.framework in Frameworks */,
			);
			runOnlyForDeploymentPostprocessing = 0;
		};
		1C53EDB0187EC87D00AF06FB /* Frameworks */ = {
			isa = PBXFrameworksBuildPhase;
			buildActionMask = 2147483647;
			files = (
				1C53EDB5187EC87D00AF06FB /* XCTest.framework in Frameworks */,
				1C53EDB7187EC87D00AF06FB /* UIKit.framework in Frameworks */,
				1C53EDB6187EC87D00AF06FB /* Foundation.framework in Frameworks */,
			);
			runOnlyForDeploymentPostprocessing = 0;
		};
/* End PBXFrameworksBuildPhase section */

/* Begin PBXGroup section */
		1C53ED86187EC87C00AF06FB = {
			isa = PBXGroup;
			children = (
				1C53ED98187EC87C00AF06FB /* FTL Survival Guide */,
				1C53EDBA187EC87D00AF06FB /* FTL Survival GuideTests */,
				1C53ED91187EC87C00AF06FB /* Frameworks */,
				1C53ED90187EC87C00AF06FB /* Products */,
			);
			sourceTree = "<group>";
		};
		1C53ED90187EC87C00AF06FB /* Products */ = {
			isa = PBXGroup;
			children = (
				1C53ED8F187EC87C00AF06FB /* FTL Survival Guide.app */,
				1C53EDB3187EC87D00AF06FB /* FTL Survival GuideTests.xctest */,
			);
			name = Products;
			sourceTree = "<group>";
		};
		1C53ED91187EC87C00AF06FB /* Frameworks */ = {
			isa = PBXGroup;
			children = (
				1C53ED92187EC87C00AF06FB /* Foundation.framework */,
				1C53ED94187EC87C00AF06FB /* CoreGraphics.framework */,
				1C53ED96187EC87C00AF06FB /* UIKit.framework */,
				1C53EDB4187EC87D00AF06FB /* XCTest.framework */,
			);
			name = Frameworks;
			sourceTree = "<group>";
		};
		1C53ED98187EC87C00AF06FB /* FTL Survival Guide */ = {
			isa = PBXGroup;
			children = (
				1C53EDA1187EC87C00AF06FB /* XYZAppDelegate.h */,
				1C53EDA2187EC87C00AF06FB /* XYZAppDelegate.m */,
				1C53EDA4187EC87C00AF06FB /* Main.storyboard */,
				1C53EDA7187EC87C00AF06FB /* XYZMasterViewController.h */,
				1C53EDA8187EC87C00AF06FB /* XYZMasterViewController.m */,
				1C53EDAA187EC87C00AF06FB /* XYZDetailViewController.h */,
				1C53EDAB187EC87C00AF06FB /* XYZDetailViewController.m */,
				1C53EDAD187EC87C00AF06FB /* Images.xcassets */,
				1C53ED99187EC87C00AF06FB /* Supporting Files */,
			);
			path = "FTL Survival Guide";
			sourceTree = "<group>";
		};
		1C53ED99187EC87C00AF06FB /* Supporting Files */ = {
			isa = PBXGroup;
			children = (
				1C53ED9A187EC87C00AF06FB /* FTL Survival Guide-Info.plist */,
				1C53ED9B187EC87C00AF06FB /* InfoPlist.strings */,
				1C53ED9E187EC87C00AF06FB /* main.m */,
				1C53EDA0187EC87C00AF06FB /* FTL Survival Guide-Prefix.pch */,
			);
			name = "Supporting Files";
			sourceTree = "<group>";
		};
		1C53EDBA187EC87D00AF06FB /* FTL Survival GuideTests */ = {
			isa = PBXGroup;
			children = (
				1C53EDC0187EC87D00AF06FB /* FTL_Survival_GuideTests.m */,
				1C53EDBB187EC87D00AF06FB /* Supporting Files */,
			);
			path = "FTL Survival GuideTests";
			sourceTree = "<group>";
		};
		1C53EDBB187EC87D00AF06FB /* Supporting Files */ = {
			isa = PBXGroup;
			children = (
				1C53EDBC187EC87D00AF06FB /* FTL Survival GuideTests-Info.plist */,
				1C53EDBD187EC87D00AF06FB /* InfoPlist.strings */,
			);
			name = "Supporting Files";
			sourceTree = "<group>";
		};
/* End PBXGroup section */

/* Begin PBXNativeTarget section */
		1C53ED8E187EC87C00AF06FB /* FTL Survival Guide */ = {
			isa = PBXNativeTarget;
			buildConfigurationList = 1C53EDC4187EC87D00AF06FB /* Build configuration list for PBXNativeTarget "FTL Survival Guide" */;
			buildPhases = (
				1C53ED8B187EC87C00AF06FB /* Sources */,
				1C53ED8C187EC87C00AF06FB /* Frameworks */,
				1C53ED8D187EC87C00AF06FB /* Resources */,
			);
			buildRules = (
			);
			dependencies = (
			);
			name = "FTL Survival Guide";
			productName = "FTL Survival Guide";
			productReference = 1C53ED8F187EC87C00AF06FB /* FTL Survival Guide.app */;
			productType = "com.apple.product-type.application";
		};
		1C53EDB2187EC87D00AF06FB /* FTL Survival GuideTests */ = {
			isa = PBXNativeTarget;
			buildConfigurationList = 1C53EDC7187EC87D00AF06FB /* Build configuration list for PBXNativeTarget "FTL Survival GuideTests" */;
			buildPhases = (
				1C53EDAF187EC87D00AF06FB /* Sources */,
				1C53EDB0187EC87D00AF06FB /* Frameworks */,
				1C53EDB1187EC87D00AF06FB /* Resources */,
			);
			buildRules = (
			);
			dependencies = (
				1C53EDB9187EC87D00AF06FB /* PBXTargetDependency */,
			);
			name = "FTL Survival GuideTests";
			productName = "FTL Survival GuideTests";
			productReference = 1C53EDB3187EC87D00AF06FB /* FTL Survival GuideTests.xctest */;
			productType = "com.apple.product-type.bundle.unit-test";
		};
/* End PBXNativeTarget section */

/* Begin PBXProject section */
		1C53ED87187EC87C00AF06FB /* Project object */ = {
			isa = PBXProject;
			attributes = {
				CLASSPREFIX = XYZ;
				LastUpgradeCheck = 0500;
				ORGANIZATIONNAME = "Rohan Patel, Nishanth Shanmugham";
				TargetAttributes = {
					1C53EDB2187EC87D00AF06FB = {
						TestTargetID = 1C53ED8E187EC87C00AF06FB;
					};
				};
			};
			buildConfigurationList = 1C53ED8A187EC87C00AF06FB /* Build configuration list for PBXProject "FTL Survival Guide" */;
			compatibilityVersion = "Xcode 3.2";
			developmentRegion = English;
			hasScannedForEncodings = 0;
			knownRegions = (
				en,
				Base,
			);
			mainGroup = 1C53ED86187EC87C00AF06FB;
			productRefGroup = 1C53ED90187EC87C00AF06FB /* Products */;
			projectDirPath = "";
			projectRoot = "";
			targets = (
				1C53ED8E187EC87C00AF06FB /* FTL Survival Guide */,
				1C53EDB2187EC87D00AF06FB /* FTL Survival GuideTests */,
			);
		};
/* End PBXProject section */

/* Begin PBXResourcesBuildPhase section */
		1C53ED8D187EC87C00AF06FB /* Resources */ = {
			isa = PBXResourcesBuildPhase;
			buildActionMask = 2147483647;
			files = (
				1C53EDAE187EC87C00AF06FB /* Images.xcassets in Resources */,
				1C53ED9D187EC87C00AF06FB /* InfoPlist.strings in Resources */,
				1C53EDA6187EC87C00AF06FB /* Main.storyboard in Resources */,
			);
			runOnlyForDeploymentPostprocessing = 0;
		};
		1C53EDB1187EC87D00AF06FB /* Resources */ = {
			isa = PBXResourcesBuildPhase;
			buildActionMask = 2147483647;
			files = (
				1C53EDBF187EC87D00AF06FB /* InfoPlist.strings in Resources */,
			);
			runOnlyForDeploymentPostprocessing = 0;
		};
/* End PBXResourcesBuildPhase section */

/* Begin PBXSourcesBuildPhase section */
		1C53ED8B187EC87C00AF06FB /* Sources */ = {
			isa = PBXSourcesBuildPhase;
			buildActionMask = 2147483647;
			files = (
				1C53EDA3187EC87C00AF06FB /* XYZAppDelegate.m in Sources */,
				1C53EDAC187EC87C00AF06FB /* XYZDetailViewController.m in Sources */,
				1C53EDA9187EC87C00AF06FB /* XYZMasterViewController.m in Sources */,
				1C53ED9F187EC87C00AF06FB /* main.m in Sources */,
			);
			runOnlyForDeploymentPostprocessing = 0;
		};
		1C53EDAF187EC87D00AF06FB /* Sources */ = {
			isa = PBXSourcesBuildPhase;
			buildActionMask = 2147483647;
			files = (
				1C53EDC1187EC87D00AF06FB /* FTL_Survival_GuideTests.m in Sources */,
			);
			runOnlyForDeploymentPostprocessing = 0;
		};
/* End PBXSourcesBuildPhase section */

/* Begin PBXTargetDependency section */
		1C53EDB9187EC87D00AF06FB /* PBXTargetDependency */ = {
			isa = PBXTargetDependency;
			target = 1C53ED8E187EC87C00AF06FB /* FTL Survival Guide */;
			targetProxy = 1C53EDB8187EC87D00AF06FB /* PBXContainerItemProxy */;
		};
/* End PBXTargetDependency section */

/* Begin PBXVariantGroup section */
		1C53ED9B187EC87C00AF06FB /* InfoPlist.strings */ = {
			isa = PBXVariantGroup;
			children = (
				1C53ED9C187EC87C00AF06FB /* en */,
			);
			name = InfoPlist.strings;
			sourceTree = "<group>";
		};
		1C53EDA4187EC87C00AF06FB /* Main.storyboard */ = {
			isa = PBXVariantGroup;
			children = (
				1C53EDA5187EC87C00AF06FB /* Base */,
			);
			name = Main.storyboard;
			sourceTree = "<group>";
		};
		1C53EDBD187EC87D00AF06FB /* InfoPlist.strings */ = {
			isa = PBXVariantGroup;
			children = (
				1C53EDBE187EC87D00AF06FB /* en */,
			);
			name = InfoPlist.strings;
			sourceTree = "<group>";
		};
/* End PBXVariantGroup section */

/* Begin XCBuildConfiguration section */
		1C53EDC2187EC87D00AF06FB /* Debug */ = {
			isa = XCBuildConfiguration;
			buildSettings = {
				ALWAYS_SEARCH_USER_PATHS = NO;
				ARCHS = "$(ARCHS_STANDARD_INCLUDING_64_BIT)";
				CLANG_CXX_LANGUAGE_STANDARD = "gnu++0x";
				CLANG_CXX_LIBRARY = "libc++";
				CLANG_ENABLE_MODULES = YES;
				CLANG_ENABLE_OBJC_ARC = YES;
				CLANG_WARN_BOOL_CONVERSION = YES;
				CLANG_WARN_CONSTANT_CONVERSION = YES;
				CLANG_WARN_DIRECT_OBJC_ISA_USAGE = YES_ERROR;
				CLANG_WARN_EMPTY_BODY = YES;
				CLANG_WARN_ENUM_CONVERSION = YES;
				CLANG_WARN_INT_CONVERSION = YES;
				CLANG_WARN_OBJC_ROOT_CLASS = YES_ERROR;
				CLANG_WARN__DUPLICATE_METHOD_MATCH = YES;
				"CODE_SIGN_IDENTITY[sdk=iphoneos*]" = "iPhone Developer";
				COPY_PHASE_STRIP = NO;
				GCC_C_LANGUAGE_STANDARD = gnu99;
				GCC_DYNAMIC_NO_PIC = NO;
				GCC_OPTIMIZATION_LEVEL = 0;
				GCC_PREPROCESSOR_DEFINITIONS = (
					"DEBUG=1",
					"$(inherited)",
				);
				GCC_SYMBOLS_PRIVATE_EXTERN = NO;
				GCC_WARN_64_TO_32_BIT_CONVERSION = YES;
				GCC_WARN_ABOUT_RETURN_TYPE = YES_ERROR;
				GCC_WARN_UNDECLARED_SELECTOR = YES;
				GCC_WARN_UNINITIALIZED_AUTOS = YES;
				GCC_WARN_UNUSED_FUNCTION = YES;
				GCC_WARN_UNUSED_VARIABLE = YES;
				IPHONEOS_DEPLOYMENT_TARGET = 7.0;
				ONLY_ACTIVE_ARCH = YES;
				SDKROOT = iphoneos;
			};
			name = Debug;
		};
		1C53EDC3187EC87D00AF06FB /* Release */ = {
			isa = XCBuildConfiguration;
			buildSettings = {
				ALWAYS_SEARCH_USER_PATHS = NO;
				ARCHS = "$(ARCHS_STANDARD_INCLUDING_64_BIT)";
				CLANG_CXX_LANGUAGE_STANDARD = "gnu++0x";
				CLANG_CXX_LIBRARY = "libc++";
				CLANG_ENABLE_MODULES = YES;
				CLANG_ENABLE_OBJC_ARC = YES;
				CLANG_WARN_BOOL_CONVERSION = YES;
				CLANG_WARN_CONSTANT_CONVERSION = YES;
				CLANG_WARN_DIRECT_OBJC_ISA_USAGE = YES_ERROR;
				CLANG_WARN_EMPTY_BODY = YES;
				CLANG_WARN_ENUM_CONVERSION = YES;
				CLANG_WARN_INT_CONVERSION = YES;
				CLANG_WARN_OBJC_ROOT_CLASS = YES_ERROR;
				CLANG_WARN__DUPLICATE_METHOD_MATCH = YES;
				"CODE_SIGN_IDENTITY[sdk=iphoneos*]" = "iPhone Developer";
				COPY_PHASE_STRIP = YES;
				ENABLE_NS_ASSERTIONS = NO;
				GCC_C_LANGUAGE_STANDARD = gnu99;
				GCC_WARN_64_TO_32_BIT_CONVERSION = YES;
				GCC_WARN_ABOUT_RETURN_TYPE = YES_ERROR;
				GCC_WARN_UNDECLARED_SELECTOR = YES;
				GCC_WARN_UNINITIALIZED_AUTOS = YES;
				GCC_WARN_UNUSED_FUNCTION = YES;
				GCC_WARN_UNUSED_VARIABLE = YES;
				IPHONEOS_DEPLOYMENT_TARGET = 7.0;
				SDKROOT = iphoneos;
				VALIDATE_PRODUCT = YES;
			};
			name = Release;
		};
		1C53EDC5187EC87D00AF06FB /* Debug */ = {
			isa = XCBuildConfiguration;
			buildSettings = {
				ASSETCATALOG_COMPILER_APPICON_NAME = AppIcon;
				ASSETCATALOG_COMPILER_LAUNCHIMAGE_NAME = LaunchImage;
				GCC_PRECOMPILE_PREFIX_HEADER = YES;
				GCC_PREFIX_HEADER = "FTL Survival Guide/FTL Survival Guide-Prefix.pch";
				INFOPLIST_FILE = "FTL Survival Guide/FTL Survival Guide-Info.plist";
				PRODUCT_NAME = "$(TARGET_NAME)";
				WRAPPER_EXTENSION = app;
			};
			name = Debug;
		};
		1C53EDC6187EC87D00AF06FB /* Release */ = {
			isa = XCBuildConfiguration;
			buildSettings = {
				ASSETCATALOG_COMPILER_APPICON_NAME = AppIcon;
				ASSETCATALOG_COMPILER_LAUNCHIMAGE_NAME = LaunchImage;
				GCC_PRECOMPILE_PREFIX_HEADER = YES;
				GCC_PREFIX_HEADER = "FTL Survival Guide/FTL Survival Guide-Prefix.pch";
				INFOPLIST_FILE = "FTL Survival Guide/FTL Survival Guide-Info.plist";
				PRODUCT_NAME = "$(TARGET_NAME)";
				WRAPPER_EXTENSION = app;
			};
			name = Release;
		};
		1C53EDC8187EC87D00AF06FB /* Debug */ = {
			isa = XCBuildConfiguration;
			buildSettings = {
				ARCHS = "$(ARCHS_STANDARD_INCLUDING_64_BIT)";
				BUNDLE_LOADER = "$(BUILT_PRODUCTS_DIR)/FTL Survival Guide.app/FTL Survival Guide";
				FRAMEWORK_SEARCH_PATHS = (
					"$(SDKROOT)/Developer/Library/Frameworks",
					"$(inherited)",
					"$(DEVELOPER_FRAMEWORKS_DIR)",
				);
				GCC_PRECOMPILE_PREFIX_HEADER = YES;
				GCC_PREFIX_HEADER = "FTL Survival Guide/FTL Survival Guide-Prefix.pch";
				GCC_PREPROCESSOR_DEFINITIONS = (
					"DEBUG=1",
					"$(inherited)",
				);
				INFOPLIST_FILE = "FTL Survival GuideTests/FTL Survival GuideTests-Info.plist";
				PRODUCT_NAME = "$(TARGET_NAME)";
				TEST_HOST = "$(BUNDLE_LOADER)";
				WRAPPER_EXTENSION = xctest;
			};
			name = Debug;
		};
		1C53EDC9187EC87D00AF06FB /* Release */ = {
			isa = XCBuildConfiguration;
			buildSettings = {
				ARCHS = "$(ARCHS_STANDARD_INCLUDING_64_BIT)";
				BUNDLE_LOADER = "$(BUILT_PRODUCTS_DIR)/FTL Survival Guide.app/FTL Survival Guide";
				FRAMEWORK_SEARCH_PATHS = (
					"$(SDKROOT)/Developer/Library/Frameworks",
					"$(inherited)",
					"$(DEVELOPER_FRAMEWORKS_DIR)",
				);
				GCC_PRECOMPILE_PREFIX_HEADER = YES;
				GCC_PREFIX_HEADER = "FTL Survival Guide/FTL Survival Guide-Prefix.pch";
				INFOPLIST_FILE = "FTL Survival GuideTests/FTL Survival GuideTests-Info.plist";
				PRODUCT_NAME = "$(TARGET_NAME)";
				TEST_HOST = "$(BUNDLE_LOADER)";
				WRAPPER_EXTENSION = xctest;
			};
			name = Release;
		};
/* End XCBuildConfiguration section */

/* Begin XCConfigurationList section */
		1C53ED8A187EC87C00AF06FB /* Build configuration list for PBXProject "FTL Survival Guide" */ = {
			isa = XCConfigurationList;
			buildConfigurations = (
				1C53EDC2187EC87D00AF06FB /* Debug */,
				1C53EDC3187EC87D00AF06FB /* Release */,
			);
			defaultConfigurationIsVisible = 0;
			defaultConfigurationName = Release;
		};
		1C53EDC4187EC87D00AF06FB /* Build configuration list for PBXNativeTarget "FTL Survival Guide" */ = {
			isa = XCConfigurationList;
			buildConfigurations = (
				1C53EDC5187EC87D00AF06FB /* Debug */,
				1C53EDC6187EC87D00AF06FB /* Release */,
			);
			defaultConfigurationIsVisible = 0;
		};
		1C53EDC7187EC87D00AF06FB /* Build configuration list for PBXNativeTarget "FTL Survival GuideTests" */ = {
			isa = XCConfigurationList;
			buildConfigurations = (
				1C53EDC8187EC87D00AF06FB /* Debug */,
				1C53EDC9187EC87D00AF06FB /* Release */,
			);
			defaultConfigurationIsVisible = 0;
		};
/* End XCConfigurationList section */
	};
	rootObject = 1C53ED87187EC87C00AF06FB /* Project object */;
}
